// !$*UTF8*$!
{
	archiveVersion = 1;
	classes = {
	};
	objectVersion = 46;
	objects = {

/* Begin PBXBuildFile section */
		B2B70E5D1E177BEF00CB42D0 /* AppDelegate.swift in Sources */ = {isa = PBXBuildFile; fileRef = B2B70E5C1E177BEF00CB42D0 /* AppDelegate.swift */; };
		B2B70E5F1E177BEF00CB42D0 /* ViewController.swift in Sources */ = {isa = PBXBuildFile; fileRef = B2B70E5E1E177BEF00CB42D0 /* ViewController.swift */; };
		B2B70E621E177BEF00CB42D0 /* Main.storyboard in Resources */ = {isa = PBXBuildFile; fileRef = B2B70E601E177BEF00CB42D0 /* Main.storyboard */; };
		B2B70E641E177BEF00CB42D0 /* Assets.xcassets in Resources */ = {isa = PBXBuildFile; fileRef = B2B70E631E177BEF00CB42D0 /* Assets.xcassets */; };
		B2B70E671E177BEF00CB42D0 /* LaunchScreen.storyboard in Resources */ = {isa = PBXBuildFile; fileRef = B2B70E651E177BEF00CB42D0 /* LaunchScreen.storyboard */; };
		B2B70E701E177C7100CB42D0 /* AppleWatchCollectionViewCell.swift in Sources */ = {isa = PBXBuildFile; fileRef = B2B70E6E1E177C7100CB42D0 /* AppleWatchCollectionViewCell.swift */; };
		B2B70E711E177C7100CB42D0 /* AppleWatchCollectionViewCell.xib in Resources */ = {isa = PBXBuildFile; fileRef = B2B70E6F1E177C7100CB42D0 /* AppleWatchCollectionViewCell.xib */; };
		B2B70E751E17809700CB42D0 /* CircularCollectionViewFlowLayout.swift in Sources */ = {isa = PBXBuildFile; fileRef = B2B70E741E17809700CB42D0 /* CircularCollectionViewFlowLayout.swift */; };
		B2B70E771E1C034100CB42D0 /* CircularCollectionViewLayout.swift in Sources */ = {isa = PBXBuildFile; fileRef = B2B70E761E1C034000CB42D0 /* CircularCollectionViewLayout.swift */; };
/* End PBXBuildFile section */

/* Begin PBXFileReference section */
		B2B70E591E177BEF00CB42D0 /* AppleWatchLayout.app */ = {isa = PBXFileReference; explicitFileType = wrapper.application; includeInIndex = 0; path = AppleWatchLayout.app; sourceTree = BUILT_PRODUCTS_DIR; };
		B2B70E5C1E177BEF00CB42D0 /* AppDelegate.swift */ = {isa = PBXFileReference; lastKnownFileType = sourcecode.swift; path = AppDelegate.swift; sourceTree = "<group>"; };
		B2B70E5E1E177BEF00CB42D0 /* ViewController.swift */ = {isa = PBXFileReference; lastKnownFileType = sourcecode.swift; path = ViewController.swift; sourceTree = "<group>"; };
		B2B70E611E177BEF00CB42D0 /* Base */ = {isa = PBXFileReference; lastKnownFileType = file.storyboard; name = Base; path = Base.lproj/Main.storyboard; sourceTree = "<group>"; };
		B2B70E631E177BEF00CB42D0 /* Assets.xcassets */ = {isa = PBXFileReference; lastKnownFileType = folder.assetcatalog; path = Assets.xcassets; sourceTree = "<group>"; };
		B2B70E661E177BEF00CB42D0 /* Base */ = {isa = PBXFileReference; lastKnownFileType = file.storyboard; name = Base; path = Base.lproj/LaunchScreen.storyboard; sourceTree = "<group>"; };
		B2B70E681E177BEF00CB42D0 /* Info.plist */ = {isa = PBXFileReference; lastKnownFileType = text.plist.xml; path = Info.plist; sourceTree = "<group>"; };
		B2B70E6E1E177C7100CB42D0 /* AppleWatchCollectionViewCell.swift */ = {isa = PBXFileReference; fileEncoding = 4; lastKnownFileType = sourcecode.swift; path = AppleWatchCollectionViewCell.swift; sourceTree = "<group>"; };
		B2B70E6F1E177C7100CB42D0 /* AppleWatchCollectionViewCell.xib */ = {isa = PBXFileReference; fileEncoding = 4; lastKnownFileType = file.xib; path = AppleWatchCollectionViewCell.xib; sourceTree = "<group>"; };
		B2B70E741E17809700CB42D0 /* CircularCollectionViewFlowLayout.swift */ = {isa = PBXFileReference; fileEncoding = 4; lastKnownFileType = sourcecode.swift; path = CircularCollectionViewFlowLayout.swift; sourceTree = "<group>"; };
		B2B70E761E1C034000CB42D0 /* CircularCollectionViewLayout.swift */ = {isa = PBXFileReference; fileEncoding = 4; lastKnownFileType = sourcecode.swift; path = CircularCollectionViewLayout.swift; sourceTree = "<group>"; };
/* End PBXFileReference section */

/* Begin PBXFrameworksBuildPhase section */
		B2B70E561E177BEF00CB42D0 /* Frameworks */ = {
			isa = PBXFrameworksBuildPhase;
			buildActionMask = 2147483647;
			files = (
			);
			runOnlyForDeploymentPostprocessing = 0;
		};
/* End PBXFrameworksBuildPhase section */

/* Begin PBXGroup section */
		B2B70E501E177BEF00CB42D0 = {
			isa = PBXGroup;
			children = (
				B2B70E5B1E177BEF00CB42D0 /* AppleWatchLayout */,
				B2B70E5A1E177BEF00CB42D0 /* Products */,
			);
			sourceTree = "<group>";
		};
		B2B70E5A1E177BEF00CB42D0 /* Products */ = {
			isa = PBXGroup;
			children = (
				B2B70E591E177BEF00CB42D0 /* AppleWatchLayout.app */,
			);
			name = Products;
			sourceTree = "<group>";
		};
		B2B70E5B1E177BEF00CB42D0 /* AppleWatchLayout */ = {
			isa = PBXGroup;
			children = (
				B2B70E5C1E177BEF00CB42D0 /* AppDelegate.swift */,
				B2B70E5E1E177BEF00CB42D0 /* ViewController.swift */,
				B2B70E741E17809700CB42D0 /* CircularCollectionViewFlowLayout.swift */,
				B2B70E761E1C034000CB42D0 /* CircularCollectionViewLayout.swift */,
				B2B70E721E17804E00CB42D0 /* View */,
				B2B70E731E17805F00CB42D0 /* Supporting Files */,
			);
			path = AppleWatchLayout;
			sourceTree = "<group>";
		};
		B2B70E721E17804E00CB42D0 /* View */ = {
			isa = PBXGroup;
			children = (
				B2B70E6E1E177C7100CB42D0 /* AppleWatchCollectionViewCell.swift */,
				B2B70E6F1E177C7100CB42D0 /* AppleWatchCollectionViewCell.xib */,
				B2B70E601E177BEF00CB42D0 /* Main.storyboard */,
			);
			name = View;
			sourceTree = "<group>";
		};
		B2B70E731E17805F00CB42D0 /* Supporting Files */ = {
			isa = PBXGroup;
			children = (
				B2B70E631E177BEF00CB42D0 /* Assets.xcassets */,
				B2B70E651E177BEF00CB42D0 /* LaunchScreen.storyboard */,
				B2B70E681E177BEF00CB42D0 /* Info.plist */,
			);
			name = "Supporting Files";
			sourceTree = "<group>";
		};
/* End PBXGroup section */

/* Begin PBXNativeTarget section */
		B2B70E581E177BEF00CB42D0 /* AppleWatchLayout */ = {
			isa = PBXNativeTarget;
			buildConfigurationList = B2B70E6B1E177BEF00CB42D0 /* Build configuration list for PBXNativeTarget "AppleWatchLayout" */;
			buildPhases = (
				B2B70E551E177BEF00CB42D0 /* Sources */,
				B2B70E561E177BEF00CB42D0 /* Frameworks */,
				B2B70E571E177BEF00CB42D0 /* Resources */,
			);
			buildRules = (
			);
			dependencies = (
			);
			name = AppleWatchLayout;
			productName = AppleWatchLayout;
			productReference = B2B70E591E177BEF00CB42D0 /* AppleWatchLayout.app */;
			productType = "com.apple.product-type.application";
		};
/* End PBXNativeTarget section */

/* Begin PBXProject section */
		B2B70E511E177BEF00CB42D0 /* Project object */ = {
			isa = PBXProject;
			attributes = {
				LastSwiftUpdateCheck = 0820;
				LastUpgradeCheck = 0820;
				ORGANIZATIONNAME = "Artem Goryaev";
				TargetAttributes = {
					B2B70E581E177BEF00CB42D0 = {
						CreatedOnToolsVersion = 8.2;
						DevelopmentTeam = B2T72YBCCD;
						ProvisioningStyle = Automatic;
					};
				};
			};
			buildConfigurationList = B2B70E541E177BEF00CB42D0 /* Build configuration list for PBXProject "AppleWatchLayout" */;
			compatibilityVersion = "Xcode 3.2";
			developmentRegion = English;
			hasScannedForEncodings = 0;
			knownRegions = (
				en,
				Base,
			);
			mainGroup = B2B70E501E177BEF00CB42D0;
			productRefGroup = B2B70E5A1E177BEF00CB42D0 /* Products */;
			projectDirPath = "";
			projectRoot = "";
			targets = (
				B2B70E581E177BEF00CB42D0 /* AppleWatchLayout */,
			);
		};
/* End PBXProject section */

/* Begin PBXResourcesBuildPhase section */
		B2B70E571E177BEF00CB42D0 /* Resources */ = {
			isa = PBXResourcesBuildPhase;
			buildActionMask = 2147483647;
			files = (
				B2B70E671E177BEF00CB42D0 /* LaunchScreen.storyboard in Resources */,
				B2B70E641E177BEF00CB42D0 /* Assets.xcassets in Resources */,
				B2B70E711E177C7100CB42D0 /* AppleWatchCollectionViewCell.xib in Resources */,
				B2B70E621E177BEF00CB42D0 /* Main.storyboard in Resources */,
			);
			runOnlyForDeploymentPostprocessing = 0;
		};
/* End PBXResourcesBuildPhase section */

/* Begin PBXSourcesBuildPhase section */
		B2B70E551E177BEF00CB42D0 /* Sources */ = {
			isa = PBXSourcesBuildPhase;
			buildActionMask = 2147483647;
			files = (
				B2B70E5F1E177BEF00CB42D0 /* ViewController.swift in Sources */,
				B2B70E701E177C7100CB42D0 /* AppleWatchCollectionViewCell.swift in Sources */,
				B2B70E771E1C034100CB42D0 /* CircularCollectionViewLayout.swift in Sources */,
				B2B70E5D1E177BEF00CB42D0 /* AppDelegate.swift in Sources */,
				B2B70E751E17809700CB42D0 /* CircularCollectionViewFlowLayout.swift in Sources */,
			);
			runOnlyForDeploymentPostprocessing = 0;
		};
/* End PBXSourcesBuildPhase section */

/* Begin PBXVariantGroup section */
		B2B70E601E177BEF00CB42D0 /* Main.storyboard */ = {
			isa = PBXVariantGroup;
			children = (
				B2B70E611E177BEF00CB42D0 /* Base */,
			);
			name = Main.storyboard;
			sourceTree = "<group>";
		};
		B2B70E651E177BEF00CB42D0 /* LaunchScreen.storyboard */ = {
			isa = PBXVariantGroup;
			children = (
				B2B70E661E177BEF00CB42D0 /* Base */,
			);
			name = LaunchScreen.storyboard;
			sourceTree = "<group>";
		};
/* End PBXVariantGroup section */

/* Begin XCBuildConfiguration section */
		B2B70E691E177BEF00CB42D0 /* Debug */ = {
			isa = XCBuildConfiguration;
			buildSettings = {
				ALWAYS_SEARCH_USER_PATHS = NO;
				CLANG_ANALYZER_NONNULL = YES;
				CLANG_CXX_LANGUAGE_STANDARD = "gnu++0x";
				CLANG_CXX_LIBRARY = "libc++";
				CLANG_ENABLE_MODULES = YES;
				CLANG_ENABLE_OBJC_ARC = YES;
				CLANG_WARN_BOOL_CONVERSION = YES;
				CLANG_WARN_CONSTANT_CONVERSION = YES;
				CLANG_WARN_DIRECT_OBJC_ISA_USAGE = YES_ERROR;
				CLANG_WARN_DOCUMENTATION_COMMENTS = YES;
				CLANG_WARN_EMPTY_BODY = YES;
				CLANG_WARN_ENUM_CONVERSION = YES;
				CLANG_WARN_INFINITE_RECURSION = YES;
				CLANG_WARN_INT_CONVERSION = YES;
				CLANG_WARN_OBJC_ROOT_CLASS = YES_ERROR;
				CLANG_WARN_SUSPICIOUS_MOVE = YES;
				CLANG_WARN_UNREACHABLE_CODE = YES;
				CLANG_WARN__DUPLICATE_METHOD_MATCH = YES;
				"CODE_SIGN_IDENTITY[sdk=iphoneos*]" = "iPhone Developer";
				COPY_PHASE_STRIP = NO;
				DEBUG_INFORMATION_FORMAT = dwarf;
				ENABLE_STRICT_OBJC_MSGSEND = YES;
				ENABLE_TESTABILITY = YES;
				GCC_C_LANGUAGE_STANDARD = gnu99;
				GCC_DYNAMIC_NO_PIC = NO;
				GCC_NO_COMMON_BLOCKS = YES;
				GCC_OPTIMIZATION_LEVEL = 0;
				GCC_PREPROCESSOR_DEFINITIONS = (
					"DEBUG=1",
					"$(inherited)",
				);
				GCC_WARN_64_TO_32_BIT_CONVERSION = YES;
				GCC_WARN_ABOUT_RETURN_TYPE = YES_ERROR;
				GCC_WARN_UNDECLARED_SELECTOR = YES;
				GCC_WARN_UNINITIALIZED_AUTOS = YES_AGGRESSIVE;
				GCC_WARN_UNUSED_FUNCTION = YES;
				GCC_WARN_UNUSED_VARIABLE = YES;
				IPHONEOS_DEPLOYMENT_TARGET = 10.2;
				MTL_ENABLE_DEBUG_INFO = YES;
				ONLY_ACTIVE_ARCH = YES;
				SDKROOT = iphoneos;
				SWIFT_ACTIVE_COMPILATION_CONDITIONS = DEBUG;
				SWIFT_OPTIMIZATION_LEVEL = "-Onone";
			};
			name = Debug;
		};
		B2B70E6A1E177BEF00CB42D0 /* Release */ = {
			isa = XCBuildConfiguration;
			buildSettings = {
				ALWAYS_SEARCH_USER_PATHS = NO;
				CLANG_ANALYZER_NONNULL = YES;
				CLANG_CXX_LANGUAGE_STANDARD = "gnu++0x";
				CLANG_CXX_LIBRARY = "libc++";
				CLANG_ENABLE_MODULES = YES;
				CLANG_ENABLE_OBJC_ARC = YES;
				CLANG_WARN_BOOL_CONVERSION = YES;
				CLANG_WARN_CONSTANT_CONVERSION = YES;
				CLANG_WARN_DIRECT_OBJC_ISA_USAGE = YES_ERROR;
				CLANG_WARN_DOCUMENTATION_COMMENTS = YES;
				CLANG_WARN_EMPTY_BODY = YES;
				CLANG_WARN_ENUM_CONVERSION = YES;
				CLANG_WARN_INFINITE_RECURSION = YES;
				CLANG_WARN_INT_CONVERSION = YES;
				CLANG_WARN_OBJC_ROOT_CLASS = YES_ERROR;
				CLANG_WARN_SUSPICIOUS_MOVE = YES;
				CLANG_WARN_UNREACHABLE_CODE = YES;
				CLANG_WARN__DUPLICATE_METHOD_MATCH = YES;
				"CODE_SIGN_IDENTITY[sdk=iphoneos*]" = "iPhone Developer";
				COPY_PHASE_STRIP = NO;
				DEBUG_INFORMATION_FORMAT = "dwarf-with-dsym";
				ENABLE_NS_ASSERTIONS = NO;
				ENABLE_STRICT_OBJC_MSGSEND = YES;
				GCC_C_LANGUAGE_STANDARD = gnu99;
				GCC_NO_COMMON_BLOCKS = YES;
				GCC_WARN_64_TO_32_BIT_CONVERSION = YES;
				GCC_WARN_ABOUT_RETURN_TYPE = YES_ERROR;
				GCC_WARN_UNDECLARED_SELECTOR = YES;
				GCC_WARN_UNINITIALIZED_AUTOS = YES_AGGRESSIVE;
				GCC_WARN_UNUSED_FUNCTION = YES;
				GCC_WARN_UNUSED_VARIABLE = YES;
				IPHONEOS_DEPLOYMENT_TARGET = 10.2;
				MTL_ENABLE_DEBUG_INFO = NO;
				SDKROOT = iphoneos;
				SWIFT_OPTIMIZATION_LEVEL = "-Owholemodule";
				VALIDATE_PRODUCT = YES;
			};
			name = Release;
		};
		B2B70E6C1E177BEF00CB42D0 /* Debug */ = {
			isa = XCBuildConfiguration;
			buildSettings = {
				ASSETCATALOG_COMPILER_APPICON_NAME = AppIcon;
				DEVELOPMENT_TEAM = B2T72YBCCD;
				INFOPLIST_FILE = AppleWatchLayout/Info.plist;
				LD_RUNPATH_SEARCH_PATHS = "$(inherited) @executable_path/Frameworks";
				PRODUCT_BUNDLE_IDENTIFIER = goryaev.artem.com.AppleWatchLayout;
				PRODUCT_NAME = "$(TARGET_NAME)";
				SWIFT_VERSION = 3.0;
			};
			name = Debug;
		};
		B2B70E6D1E177BEF00CB42D0 /* Release */ = {
			isa = XCBuildConfiguration;
			buildSettings = {
				ASSETCATALOG_COMPILER_APPICON_NAME = AppIcon;
				DEVELOPMENT_TEAM = B2T72YBCCD;
				INFOPLIST_FILE = AppleWatchLayout/Info.plist;
				LD_RUNPATH_SEARCH_PATHS = "$(inherited) @executable_path/Frameworks";
				PRODUCT_BUNDLE_IDENTIFIER = goryaev.artem.com.AppleWatchLayout;
				PRODUCT_NAME = "$(TARGET_NAME)";
				SWIFT_VERSION = 3.0;
			};
			name = Release;
		};
/* End XCBuildConfiguration section */

/* Begin XCConfigurationList section */
		B2B70E541E177BEF00CB42D0 /* Build configuration list for PBXProject "AppleWatchLayout" */ = {
			isa = XCConfigurationList;
			buildConfigurations = (
				B2B70E691E177BEF00CB42D0 /* Debug */,
				B2B70E6A1E177BEF00CB42D0 /* Release */,
			);
			defaultConfigurationIsVisible = 0;
			defaultConfigurationName = Release;
		};
		B2B70E6B1E177BEF00CB42D0 /* Build configuration list for PBXNativeTarget "AppleWatchLayout" */ = {
			isa = XCConfigurationList;
			buildConfigurations = (
				B2B70E6C1E177BEF00CB42D0 /* Debug */,
				B2B70E6D1E177BEF00CB42D0 /* Release */,
			);
			defaultConfigurationIsVisible = 0;
			defaultConfigurationName = Release;
		};
/* End XCConfigurationList section */
	};
	rootObject = B2B70E511E177BEF00CB42D0 /* Project object */;
}
